<?xml version="1.0" encoding="utf-8"?>
<Project ToolsVersion="4.0" xmlns="http://schemas.microsoft.com/developer/msbuild/2003">
  <ItemGroup>
    <Filter Include="Source Files">
      <UniqueIdentifier>{4FC737F1-C7A5-4376-A066-2A32D752A2FF}</UniqueIdentifier>
      <Extensions>cpp;c;cc;cxx;c++;def;odl;idl;hpj;bat;asm;asmx</Extensions>
    </Filter>
    <Filter Include="Header Files">
      <UniqueIdentifier>{93995380-89BD-4b04-88EB-625FBE52EBFB}</UniqueIdentifier>
      <Extensions>h;hh;hpp;hxx;h++;hm;inl;inc;ipp;xsd</Extensions>
    </Filter>
    <Filter Include="Resource Files">
      <UniqueIdentifier>{67DA6AB6-F800-4c08-8B7A-83BB121AAD01}</UniqueIdentifier>
      <Extensions>rc;ico;cur;bmp;dlg;rc2;rct;bin;rgs;gif;jpg;jpeg;jpe;resx;tiff;tif;png;wav;mfcribbon-ms</Extensions>
    </Filter>
    <Filter Include="Source Files\vm">
      <UniqueIdentifier>{4e272a65-2031-4fe1-9138-e152610071bb}</UniqueIdentifier>
    </Filter>
  </ItemGroup>
  <ItemGroup>
    <ClCompile Include="harbour\sources\vm\arrays.c">
      <Filter>Source Files\vm</Filter>
    </ClCompile>
    <ClCompile Include="harbour\sources\vm\arrayshb.c">
      <Filter>Source Files\vm</Filter>
    </ClCompile>
    <ClCompile Include="harbour\sources\vm\asort.c">
      <Filter>Source Files\vm</Filter>
    </ClCompile>
    <ClCompile Include="harbour\sources\vm\break.c">
      <Filter>Source Files\vm</Filter>
    </ClCompile>
    <ClCompile Include="harbour\sources\vm\classes.c">
      <Filter>Source Files\vm</Filter>
    </ClCompile>
    <ClCompile Include="harbour\sources\vm\cmdarg.c">
      <Filter>Source Files\vm</Filter>
    </ClCompile>
    <ClCompile Include="harbour\sources\vm\codebloc.c">
      <Filter>Source Files\vm</Filter>
    </ClCompile>
    <ClCompile Include="harbour\sources\vm\debug.c">
      <Filter>Source Files\vm</Filter>
    </ClCompile>
    <ClCompile Include="harbour\sources\vm\dynlibhb.c">
      <Filter>Source Files\vm</Filter>
    </ClCompile>
    <ClCompile Include="harbour\sources\vm\dynsym.c">
      <Filter>Source Files\vm</Filter>
    </ClCompile>
    <ClCompile Include="harbour\sources\vm\estack.c">
      <Filter>Source Files\vm</Filter>
    </ClCompile>
    <ClCompile Include="harbour\sources\vm\eval.c">
      <Filter>Source Files\vm</Filter>
    </ClCompile>
    <ClCompile Include="harbour\sources\vm\evalhb.c">
      <Filter>Source Files\vm</Filter>
    </ClCompile>
    <ClCompile Include="harbour\sources\vm\extend.c">
      <Filter>Source Files\vm</Filter>
    </ClCompile>
    <ClCompile Include="harbour\sources\vm\extrap.c">
      <Filter>Source Files\vm</Filter>
    </ClCompile>
    <ClCompile Include="harbour\sources\vm\fm.c">
      <Filter>Source Files\vm</Filter>
    </ClCompile>
    <ClCompile Include="harbour\sources\vm\garbage.c">
      <Filter>Source Files\vm</Filter>
    </ClCompile>
    <ClCompile Include="harbinit.c">
      <Filter>Source Files\vm</Filter>
    </ClCompile>
    <ClCompile Include="harbour\sources\vm\hashes.c">
      <Filter>Source Files\vm</Filter>
    </ClCompile>
    <ClCompile Include="harbour\sources\vm\hashfunc.c">
      <Filter>Source Files\vm</Filter>
    </ClCompile>
    <ClCompile Include="harbour\sources\vm\hvm.c">
      <Filter>Source Files\vm</Filter>
    </ClCompile>
    <ClCompile Include="harbour\sources\vm\initexit.c">
      <Filter>Source Files\vm</Filter>
    </ClCompile>
    <ClCompile Include="harbour\sources\vm\initsymb.c">
      <Filter>Source Files\vm</Filter>
    </ClCompile>
    <ClCompile Include="harbour\sources\vm\itemapi.c">
      <Filter>Source Files\vm</Filter>
    </ClCompile>
    <ClCompile Include="harbour\sources\vm\macro.c">
      <Filter>Source Files\vm</Filter>
    </ClCompile>
    <ClCompile Include="harbour\sources\vm\main.c">
      <Filter>Source Files\vm</Filter>
    </ClCompile>
    <ClCompile Include="harbour\sources\vm\memvars.c">
      <Filter>Source Files\vm</Filter>
    </ClCompile>
    <ClCompile Include="harbour\sources\vm\memvclip.c">
      <Filter>Source Files\vm</Filter>
    </ClCompile>
    <ClCompile Include="harbour\sources\vm\pbyref.c">
      <Filter>Source Files\vm</Filter>
    </ClCompile>
    <ClCompile Include="harbour\sources\vm\pcount.c">
      <Filter>Source Files\vm</Filter>
    </ClCompile>
    <ClCompile Include="harbour\sources\vm\proc.c">
      <Filter>Source Files\vm</Filter>
    </ClCompile>
    <ClCompile Include="harbour\sources\vm\procaddr.c">
      <Filter>Source Files\vm</Filter>
    </ClCompile>
    <ClCompile Include="harbour\sources\vm\pvalue.c">
      <Filter>Source Files\vm</Filter>
    </ClCompile>
    <ClCompile Include="harbour\sources\vm\pvaluehb.c">
      <Filter>Source Files\vm</Filter>
    </ClCompile>
    <ClCompile Include="harbour\sources\vm\runner.c">
      <Filter>Source Files\vm</Filter>
    </ClCompile>
    <ClCompile Include="harbour\sources\vm\set.c">
      <Filter>Source Files\vm</Filter>
    </ClCompile>
    <ClCompile Include="harbour\sources\vm\short.c">
      <Filter>Source Files\vm</Filter>
    </ClCompile>
    <ClCompile Include="harbour\sources\vm\strapi.c">
      <Filter>Source Files\vm</Filter>
    </ClCompile>
    <ClCompile Include="test.c">
      <Filter>Source Files\vm</Filter>
    </ClCompile>
    <ClCompile Include="harbour\sources\vm\thread.c">
      <Filter>Source Files\vm</Filter>
    </ClCompile>
    <ClCompile Include="harbour\sources\vm\vm.c">
      <Filter>Source Files\vm</Filter>
    </ClCompile>
  </ItemGroup>
  <ItemGroup>
    <Library Include="harbour\lib\gtwin.lib" />
    <Library Include="harbour\lib\hbcommon.lib" />
    <Library Include="harbour\lib\hbmacro.lib" />
    <Library Include="harbour\lib\hbnulrdd.lib" />
    <Library Include="harbour\lib\hbrtl.lib" />
  </ItemGroup>
  <ItemGroup>
    <CustomBuild Include="test.prg" />
    <CustomBuild Include="harbour\sources\vm\harbinit.prg">
      <Filter>Source Files\vm</Filter>
    </CustomBuild>
  </ItemGroup>
</Project>